<?xml version="1.0" encoding="utf-8"?>
<Project ToolsVersion="4.0" xmlns="http://schemas.microsoft.com/developer/msbuild/2003">
  <ItemGroup>
    <ClCompile Include="Game.cpp">
      <Filter>Sources</Filter>
    </ClCompile>
    <ClCompile Include="GameObject.cpp">
      <Filter>Sources</Filter>
    </ClCompile>
    <ClCompile Include="Main.cpp">
      <Filter>Sources</Filter>
    </ClCompile>
    <ClCompile Include="Map.cpp">
      <Filter>Sources</Filter>
    </ClCompile>
    <ClCompile Include="TextureManager.cpp">
      <Filter>Sources</Filter>
    </ClCompile>
    <ClCompile Include="Player.cpp">
      <Filter>Sources</Filter>
    </ClCompile>
    <ClCompile Include="Vector2D.cpp">
      <Filter>Sources</Filter>
    </ClCompile>
    <ClCompile Include="Collision.cpp">
      <Filter>Sources</Filter>
    </ClCompile>
    <ClCompile Include="ECS.cpp">
      <Filter>Sources</Filter>
    </ClCompile>
    <ClCompile Include="ColliderComponent.cpp">
      <Filter>Sources</Filter>
    </ClCompile>
    <ClCompile Include="AssetManager.cpp">
      <Filter>Sources</Filter>
    </ClCompile>
    <ClCompile Include="Timer.cpp">
      <Filter>Sources</Filter>
    </ClCompile>
  </ItemGroup>
  <ItemGroup>
    <ClInclude Include="Game.h">
      <Filter>Headers</Filter>
    </ClInclude>
    <ClInclude Include="GameObject.h">
      <Filter>Headers</Filter>
    </ClInclude>
    <ClInclude Include="Map.h">
      <Filter>Headers</Filter>
    </ClInclude>
    <ClInclude Include="TextureManager.h">
      <Filter>Headers</Filter>
    </ClInclude>
    <ClInclude Include="Player.h">
      <Filter>Headers</Filter>
    </ClInclude>
    <ClInclude Include="ECS.h">
      <Filter>Headers</Filter>
    </ClInclude>
    <ClInclude Include="components.h">
      <Filter>Headers</Filter>
    </ClInclude>
    <ClInclude Include="SpriteComponent.h">
      <Filter>Headers</Filter>
    </ClInclude>
    <ClInclude Include="TransformComponent.h">
      <Filter>Headers</Filter>
    </ClInclude>
    <ClInclude Include="Vector2D.h">
      <Filter>Headers</Filter>
    </ClInclude>
    <ClInclude Include="KeyboardController.h">
      <Filter>Headers</Filter>
    </ClInclude>
    <ClInclude Include="ColliderComponent.h">
      <Filter>Headers</Filter>
    </ClInclude>
    <ClInclude Include="Collision.h">
      <Filter>Headers</Filter>
    </ClInclude>
    <ClInclude Include="TileComponent.h">
      <Filter>Headers</Filter>
    </ClInclude>
    <ClInclude Include="Animation.h">
      <Filter>Headers</Filter>
    </ClInclude>
    <ClInclude Include="AssetManager.h">
      <Filter>Headers</Filter>
    </ClInclude>
    <ClInclude Include="ProjectileComponent.h">
      <Filter>Headers</Filter>
    </ClInclude>
    <ClInclude Include="Timer.h">
      <Filter>Headers</Filter>
    </ClInclude>
    <ClInclude Include="UILabel.h">
      <Filter>Headers</Filter>
    </ClInclude>
    <ClInclude Include="Button.h">
      <Filter>Headers</Filter>
    </ClInclude>
    <ClInclude Include="Life.h">
      <Filter>Headers</Filter>
    </ClInclude>
  </ItemGroup>
  <ItemGroup>
    <Image Include="assets\Enemy.png">
      <Filter>assets</Filter>
    </Image>
    <Image Include="assets\dirt.png">
      <Filter>assets</Filter>
    </Image>
    <Image Include="assets\grass.png">
      <Filter>assets</Filter>
    </Image>
    <Image Include="assets\Player.png">
      <Filter>assets</Filter>
    </Image>
    <Image Include="assets\water.png">
      <Filter>assets</Filter>
    </Image>
  </ItemGroup>
  <ItemGroup>
    <Filter Include="assets">
      <UniqueIdentifier>{46c0120e-79ea-41af-8539-420efffde2f9}</UniqueIdentifier>
    </Filter>
    <Filter Include="Headers">
      <UniqueIdentifier>{00fc70bd-5279-4493-a191-009f2298dd37}</UniqueIdentifier>
    </Filter>
    <Filter Include="Sources">
      <UniqueIdentifier>{56485f79-b858-4702-8df0-9d493aa46e70}</UniqueIdentifier>
    </Filter>
  </ItemGroup>
</Project>